
Microsoft Visual Studio Solution File, Format Version 12.00
# Visual Studio 15
VisualStudioVersion = 15.0.28010.2026
MinimumVisualStudioVersion = 10.0.40219.1
Project("{8BC9CEB8-8B4A-11D0-8D11-00A0C91BC942}") = "StdArray_class", "StdArray_class.vcxproj", "{13D43ED7-63E9-4757-9B24-8A06CB4FE138}"
EndProject
Global
	GlobalSection(SolutionConfigurationPlatforms) = preSolution
		Debug|x64 = Debug|x64
		Debug|x86 = Debug|x86
		Release|x64 = Release|x64
		Release|x86 = Release|x86
	EndGlobalSection
	GlobalSection(ProjectConfigurationPlatforms) = postSolution
		{13D43ED7-63E9-4757-9B24-8A06CB4FE138}.Debug|x64.ActiveCfg = Debug|x64
		{13D43ED7-63E9-4757-9B24-8A06CB4FE138}.Debug|x64.Build.0 = Debug|x64
		{13D43ED7-63E9-4757-9B24-8A06CB4FE138}.Debug|x86.ActiveCfg = Debug|Win32
		{13D43ED7-63E9-4757-9B24-8A06CB4FE138}.Debug|x86.Build.0 = Debug|Win32
		{13D43ED7-63E9-4757-9B24-8A06CB4FE138}.Release|x64.ActiveCfg = Release|x64
		{13D43ED7-63E9-4757-9B24-8A06CB4FE138}.Release|x64.Build.0 = Release|x64
		{13D43ED7-63E9-4757-9B24-8A06CB4FE138}.Release|x86.ActiveCfg = Release|Win32
		{13D43ED7-63E9-4757-9B24-8A06CB4FE138}.Release|x86.Build.0 = Release|Win32
	EndGlobalSection
	GlobalSection(SolutionProperties) = preSolution
		HideSolutionNode = FALSE
	EndGlobalSection
	GlobalSection(ExtensibilityGlobals) = postSolution
		SolutionGuid = {CB2C2300-4ADF-47F8-8CFA-643DDFBC18A7}
	EndGlobalSection
EndGlobal
